
Microsoft Visual Studio Solution File, Format Version 11.00
# Visual Studio 2010
Project("{FAE04EC0-301F-11D3-BF4B-00C04F79EFBC}") = "WcfEx", "WcfEx\WcfEx.csproj", "{34AE5CD4-82A4-4991-B05B-9C55DF7617CB}"
EndProject
Project("{FAE04EC0-301F-11D3-BF4B-00C04F79EFBC}") = "WcfExTest", "Test\WcfExTest\WcfExTest.csproj", "{A08E96BD-CC89-49EF-BA39-C90245128961}"
	ProjectSection(ProjectDependencies) = postProject
		{F893EB33-5463-47BC-8E2F-09E2D5BEF56C} = {F893EB33-5463-47BC-8E2F-09E2D5BEF56C}
		{6419AB46-B5C1-40CB-9606-04C1E42177C2} = {6419AB46-B5C1-40CB-9606-04C1E42177C2}
		{F18BACB5-D59C-40F2-A08B-75271935B0A4} = {F18BACB5-D59C-40F2-A08B-75271935B0A4}
	EndProjectSection
EndProject
Project("{2150E333-8FDC-42A3-9474-1A3956D46DE8}") = "Samples", "Samples", "{3513CF28-F11D-4FBE-A9FF-CB1D01F12DED}"
EndProject
Project("{2150E333-8FDC-42A3-9474-1A3956D46DE8}") = "Udp", "Udp", "{FCBD09CF-28D6-4C1C-86AB-F6742B01CFD9}"
EndProject
Project("{FAE04EC0-301F-11D3-BF4B-00C04F79EFBC}") = "Server", "Samples\Udp\ConsoleEcho\Server\Server.csproj", "{BB776DE4-7D42-47EF-9F27-74FB85C5FFAB}"
EndProject
Project("{FAE04EC0-301F-11D3-BF4B-00C04F79EFBC}") = "Contract", "Samples\Udp\ConsoleEcho\Contract\Contract.csproj", "{457B65EB-AD55-43C9-86EE-AE1149C1CFF7}"
EndProject
Project("{FAE04EC0-301F-11D3-BF4B-00C04F79EFBC}") = "Client", "Samples\Udp\ConsoleEcho\Client\Client.csproj", "{8055AE42-8823-4BAB-A32A-DA0CB0D9C6F1}"
	ProjectSection(ProjectDependencies) = postProject
		{BB776DE4-7D42-47EF-9F27-74FB85C5FFAB} = {BB776DE4-7D42-47EF-9F27-74FB85C5FFAB}
	EndProjectSection
EndProject
Project("{2150E333-8FDC-42A3-9474-1A3956D46DE8}") = "InProc", "InProc", "{6378CCB0-02E5-44B2-9617-DDEBA9FE822D}"
EndProject
Project("{FAE04EC0-301F-11D3-BF4B-00C04F79EFBC}") = "Server", "Samples\InProc\ConsoleEcho\Server\Server.csproj", "{2CBF16E4-D62A-4170-A464-C114337C3CEC}"
EndProject
Project("{FAE04EC0-301F-11D3-BF4B-00C04F79EFBC}") = "Client", "Samples\InProc\ConsoleEcho\Client\Client.csproj", "{D99BF2F8-B720-409D-B987-763534B0A103}"
	ProjectSection(ProjectDependencies) = postProject
		{2CBF16E4-D62A-4170-A464-C114337C3CEC} = {2CBF16E4-D62A-4170-A464-C114337C3CEC}
	EndProjectSection
EndProject
Project("{FAE04EC0-301F-11D3-BF4B-00C04F79EFBC}") = "Contract", "Samples\InProc\ConsoleEcho\Contract\Contract.csproj", "{1A295662-72CD-43ED-980C-B7328E50375E}"
EndProject
Project("{2150E333-8FDC-42A3-9474-1A3956D46DE8}") = "Test", "Test", "{71B28745-8A0D-4B57-A90A-4C0C7467A5CE}"
EndProject
Project("{FAE04EC0-301F-11D3-BF4B-00C04F79EFBC}") = "WcfExHost", "WcfExHost\WcfExHost.csproj", "{5979B069-4F50-4093-B01F-AF953007AA23}"
EndProject
Project("{FAE04EC0-301F-11D3-BF4B-00C04F79EFBC}") = "Contract", "Test\Contract\Contract.csproj", "{4C3B168D-0500-4DE8-A6A3-BC3AD87A098F}"
EndProject
Project("{FAE04EC0-301F-11D3-BF4B-00C04F79EFBC}") = "Server1", "Test\Server1\Server1.csproj", "{F18BACB5-D59C-40F2-A08B-75271935B0A4}"
EndProject
Project("{FAE04EC0-301F-11D3-BF4B-00C04F79EFBC}") = "Server2", "Test\Server2\Server2.csproj", "{F893EB33-5463-47BC-8E2F-09E2D5BEF56C}"
EndProject
Project("{FAE04EC0-301F-11D3-BF4B-00C04F79EFBC}") = "Server3", "Test\Server3\Server3.csproj", "{6419AB46-B5C1-40CB-9606-04C1E42177C2}"
EndProject
Project("{2150E333-8FDC-42A3-9474-1A3956D46DE8}") = "ConsoleEcho", "ConsoleEcho", "{AD771FC1-7D01-41A3-893D-098578560BEA}"
EndProject
Project("{2150E333-8FDC-42A3-9474-1A3956D46DE8}") = "ConsoleEcho", "ConsoleEcho", "{34A9FE76-5B69-4CBB-A376-2E088AB10EC2}"
EndProject
Project("{2150E333-8FDC-42A3-9474-1A3956D46DE8}") = "Gossip", "Gossip", "{1E74CC02-05EA-43DE-9F7C-032E941BBB60}"
EndProject
Project("{FAE04EC0-301F-11D3-BF4B-00C04F79EFBC}") = "Contract", "Samples\Udp\Gossip\Contract\Contract.csproj", "{B3E2E9A0-6BD0-446A-9155-B831F203075F}"
EndProject
Project("{FAE04EC0-301F-11D3-BF4B-00C04F79EFBC}") = "Node", "Samples\Udp\Gossip\Node\Node.csproj", "{A4EF69FF-A836-4AD0-9647-34945288311D}"
EndProject
Project("{FAE04EC0-301F-11D3-BF4B-00C04F79EFBC}") = "Client", "Samples\Udp\Gossip\Client\Client.csproj", "{EC74216D-F0A2-4539-8CD2-352C83C92204}"
EndProject
Project("{2150E333-8FDC-42A3-9474-1A3956D46DE8}") = "Config", "Config", "{2718B2E6-007D-481D-8B75-7AB619A216F8}"
	ProjectSection(SolutionItems) = preProject
		.gitignore = .gitignore
		license.txt = license.txt
		README.md = README.md
		Version.cs = Version.cs
		WcfEx.png = WcfEx.png
	EndProjectSection
EndProject
Project("{E09DD79A-4488-4AB9-8D3F-A7EEE78BF432}") = "WcfEx.NuGet", "WcfEx.NuGet\WcfEx.NuGet.nuproj", "{99A7A0FC-71BC-41F2-9A30-519E6F52E547}"
	ProjectSection(ProjectDependencies) = postProject
		{5979B069-4F50-4093-B01F-AF953007AA23} = {5979B069-4F50-4093-B01F-AF953007AA23}
	EndProjectSection
EndProject
Global
	GlobalSection(SolutionConfigurationPlatforms) = preSolution
		Debug|Any CPU = Debug|Any CPU
		Release|Any CPU = Release|Any CPU
	EndGlobalSection
	GlobalSection(ProjectConfigurationPlatforms) = postSolution
		{34AE5CD4-82A4-4991-B05B-9C55DF7617CB}.Debug|Any CPU.ActiveCfg = Debug|Any CPU
		{34AE5CD4-82A4-4991-B05B-9C55DF7617CB}.Debug|Any CPU.Build.0 = Debug|Any CPU
		{34AE5CD4-82A4-4991-B05B-9C55DF7617CB}.Release|Any CPU.ActiveCfg = Release|Any CPU
		{34AE5CD4-82A4-4991-B05B-9C55DF7617CB}.Release|Any CPU.Build.0 = Release|Any CPU
		{A08E96BD-CC89-49EF-BA39-C90245128961}.Debug|Any CPU.ActiveCfg = Debug|Any CPU
		{A08E96BD-CC89-49EF-BA39-C90245128961}.Debug|Any CPU.Build.0 = Debug|Any CPU
		{A08E96BD-CC89-49EF-BA39-C90245128961}.Release|Any CPU.ActiveCfg = Release|Any CPU
		{A08E96BD-CC89-49EF-BA39-C90245128961}.Release|Any CPU.Build.0 = Release|Any CPU
		{BB776DE4-7D42-47EF-9F27-74FB85C5FFAB}.Debug|Any CPU.ActiveCfg = Debug|Any CPU
		{BB776DE4-7D42-47EF-9F27-74FB85C5FFAB}.Debug|Any CPU.Build.0 = Debug|Any CPU
		{BB776DE4-7D42-47EF-9F27-74FB85C5FFAB}.Release|Any CPU.ActiveCfg = Release|Any CPU
		{BB776DE4-7D42-47EF-9F27-74FB85C5FFAB}.Release|Any CPU.Build.0 = Release|Any CPU
		{457B65EB-AD55-43C9-86EE-AE1149C1CFF7}.Debug|Any CPU.ActiveCfg = Debug|Any CPU
		{457B65EB-AD55-43C9-86EE-AE1149C1CFF7}.Debug|Any CPU.Build.0 = Debug|Any CPU
		{457B65EB-AD55-43C9-86EE-AE1149C1CFF7}.Release|Any CPU.ActiveCfg = Release|Any CPU
		{457B65EB-AD55-43C9-86EE-AE1149C1CFF7}.Release|Any CPU.Build.0 = Release|Any CPU
		{8055AE42-8823-4BAB-A32A-DA0CB0D9C6F1}.Debug|Any CPU.ActiveCfg = Debug|Any CPU
		{8055AE42-8823-4BAB-A32A-DA0CB0D9C6F1}.Debug|Any CPU.Build.0 = Debug|Any CPU
		{8055AE42-8823-4BAB-A32A-DA0CB0D9C6F1}.Release|Any CPU.ActiveCfg = Release|Any CPU
		{8055AE42-8823-4BAB-A32A-DA0CB0D9C6F1}.Release|Any CPU.Build.0 = Release|Any CPU
		{2CBF16E4-D62A-4170-A464-C114337C3CEC}.Debug|Any CPU.ActiveCfg = Debug|Any CPU
		{2CBF16E4-D62A-4170-A464-C114337C3CEC}.Debug|Any CPU.Build.0 = Debug|Any CPU
		{2CBF16E4-D62A-4170-A464-C114337C3CEC}.Release|Any CPU.ActiveCfg = Release|Any CPU
		{2CBF16E4-D62A-4170-A464-C114337C3CEC}.Release|Any CPU.Build.0 = Release|Any CPU
		{D99BF2F8-B720-409D-B987-763534B0A103}.Debug|Any CPU.ActiveCfg = Debug|Any CPU
		{D99BF2F8-B720-409D-B987-763534B0A103}.Debug|Any CPU.Build.0 = Debug|Any CPU
		{D99BF2F8-B720-409D-B987-763534B0A103}.Release|Any CPU.ActiveCfg = Release|Any CPU
		{D99BF2F8-B720-409D-B987-763534B0A103}.Release|Any CPU.Build.0 = Release|Any CPU
		{1A295662-72CD-43ED-980C-B7328E50375E}.Debug|Any CPU.ActiveCfg = Debug|Any CPU
		{1A295662-72CD-43ED-980C-B7328E50375E}.Debug|Any CPU.Build.0 = Debug|Any CPU
		{1A295662-72CD-43ED-980C-B7328E50375E}.Release|Any CPU.ActiveCfg = Release|Any CPU
		{1A295662-72CD-43ED-980C-B7328E50375E}.Release|Any CPU.Build.0 = Release|Any CPU
		{5979B069-4F50-4093-B01F-AF953007AA23}.Debug|Any CPU.ActiveCfg = Debug|Any CPU
		{5979B069-4F50-4093-B01F-AF953007AA23}.Debug|Any CPU.Build.0 = Debug|Any CPU
		{5979B069-4F50-4093-B01F-AF953007AA23}.Release|Any CPU.ActiveCfg = Release|Any CPU
		{5979B069-4F50-4093-B01F-AF953007AA23}.Release|Any CPU.Build.0 = Release|Any CPU
		{4C3B168D-0500-4DE8-A6A3-BC3AD87A098F}.Debug|Any CPU.ActiveCfg = Debug|Any CPU
		{4C3B168D-0500-4DE8-A6A3-BC3AD87A098F}.Debug|Any CPU.Build.0 = Debug|Any CPU
		{4C3B168D-0500-4DE8-A6A3-BC3AD87A098F}.Release|Any CPU.ActiveCfg = Release|Any CPU
		{4C3B168D-0500-4DE8-A6A3-BC3AD87A098F}.Release|Any CPU.Build.0 = Release|Any CPU
		{F18BACB5-D59C-40F2-A08B-75271935B0A4}.Debug|Any CPU.ActiveCfg = Debug|Any CPU
		{F18BACB5-D59C-40F2-A08B-75271935B0A4}.Debug|Any CPU.Build.0 = Debug|Any CPU
		{F18BACB5-D59C-40F2-A08B-75271935B0A4}.Release|Any CPU.ActiveCfg = Release|Any CPU
		{F18BACB5-D59C-40F2-A08B-75271935B0A4}.Release|Any CPU.Build.0 = Release|Any CPU
		{F893EB33-5463-47BC-8E2F-09E2D5BEF56C}.Debug|Any CPU.ActiveCfg = Debug|Any CPU
		{F893EB33-5463-47BC-8E2F-09E2D5BEF56C}.Debug|Any CPU.Build.0 = Debug|Any CPU
		{F893EB33-5463-47BC-8E2F-09E2D5BEF56C}.Release|Any CPU.ActiveCfg = Release|Any CPU
		{F893EB33-5463-47BC-8E2F-09E2D5BEF56C}.Release|Any CPU.Build.0 = Release|Any CPU
		{6419AB46-B5C1-40CB-9606-04C1E42177C2}.Debug|Any CPU.ActiveCfg = Debug|Any CPU
		{6419AB46-B5C1-40CB-9606-04C1E42177C2}.Debug|Any CPU.Build.0 = Debug|Any CPU
		{6419AB46-B5C1-40CB-9606-04C1E42177C2}.Release|Any CPU.ActiveCfg = Release|Any CPU
		{6419AB46-B5C1-40CB-9606-04C1E42177C2}.Release|Any CPU.Build.0 = Release|Any CPU
		{B3E2E9A0-6BD0-446A-9155-B831F203075F}.Debug|Any CPU.ActiveCfg = Debug|Any CPU
		{B3E2E9A0-6BD0-446A-9155-B831F203075F}.Debug|Any CPU.Build.0 = Debug|Any CPU
		{B3E2E9A0-6BD0-446A-9155-B831F203075F}.Release|Any CPU.ActiveCfg = Release|Any CPU
		{B3E2E9A0-6BD0-446A-9155-B831F203075F}.Release|Any CPU.Build.0 = Release|Any CPU
		{A4EF69FF-A836-4AD0-9647-34945288311D}.Debug|Any CPU.ActiveCfg = Debug|Any CPU
		{A4EF69FF-A836-4AD0-9647-34945288311D}.Debug|Any CPU.Build.0 = Debug|Any CPU
		{A4EF69FF-A836-4AD0-9647-34945288311D}.Release|Any CPU.ActiveCfg = Release|Any CPU
		{A4EF69FF-A836-4AD0-9647-34945288311D}.Release|Any CPU.Build.0 = Release|Any CPU
		{EC74216D-F0A2-4539-8CD2-352C83C92204}.Debug|Any CPU.ActiveCfg = Debug|Any CPU
		{EC74216D-F0A2-4539-8CD2-352C83C92204}.Debug|Any CPU.Build.0 = Debug|Any CPU
		{EC74216D-F0A2-4539-8CD2-352C83C92204}.Release|Any CPU.ActiveCfg = Release|Any CPU
		{EC74216D-F0A2-4539-8CD2-352C83C92204}.Release|Any CPU.Build.0 = Release|Any CPU
		{99A7A0FC-71BC-41F2-9A30-519E6F52E547}.Debug|Any CPU.ActiveCfg = Debug|Any CPU
		{99A7A0FC-71BC-41F2-9A30-519E6F52E547}.Debug|Any CPU.Build.0 = Debug|Any CPU
		{99A7A0FC-71BC-41F2-9A30-519E6F52E547}.Release|Any CPU.ActiveCfg = Release|Any CPU
		{99A7A0FC-71BC-41F2-9A30-519E6F52E547}.Release|Any CPU.Build.0 = Release|Any CPU
	EndGlobalSection
	GlobalSection(SolutionProperties) = preSolution
		HideSolutionNode = FALSE
	EndGlobalSection
	GlobalSection(NestedProjects) = preSolution
		{A08E96BD-CC89-49EF-BA39-C90245128961} = {71B28745-8A0D-4B57-A90A-4C0C7467A5CE}
		{4C3B168D-0500-4DE8-A6A3-BC3AD87A098F} = {71B28745-8A0D-4B57-A90A-4C0C7467A5CE}
		{F18BACB5-D59C-40F2-A08B-75271935B0A4} = {71B28745-8A0D-4B57-A90A-4C0C7467A5CE}
		{F893EB33-5463-47BC-8E2F-09E2D5BEF56C} = {71B28745-8A0D-4B57-A90A-4C0C7467A5CE}
		{6419AB46-B5C1-40CB-9606-04C1E42177C2} = {71B28745-8A0D-4B57-A90A-4C0C7467A5CE}
		{FCBD09CF-28D6-4C1C-86AB-F6742B01CFD9} = {3513CF28-F11D-4FBE-A9FF-CB1D01F12DED}
		{6378CCB0-02E5-44B2-9617-DDEBA9FE822D} = {3513CF28-F11D-4FBE-A9FF-CB1D01F12DED}
		{AD771FC1-7D01-41A3-893D-098578560BEA} = {FCBD09CF-28D6-4C1C-86AB-F6742B01CFD9}
		{1E74CC02-05EA-43DE-9F7C-032E941BBB60} = {FCBD09CF-28D6-4C1C-86AB-F6742B01CFD9}
		{457B65EB-AD55-43C9-86EE-AE1149C1CFF7} = {AD771FC1-7D01-41A3-893D-098578560BEA}
		{8055AE42-8823-4BAB-A32A-DA0CB0D9C6F1} = {AD771FC1-7D01-41A3-893D-098578560BEA}
		{BB776DE4-7D42-47EF-9F27-74FB85C5FFAB} = {AD771FC1-7D01-41A3-893D-098578560BEA}
		{34A9FE76-5B69-4CBB-A376-2E088AB10EC2} = {6378CCB0-02E5-44B2-9617-DDEBA9FE822D}
		{D99BF2F8-B720-409D-B987-763534B0A103} = {34A9FE76-5B69-4CBB-A376-2E088AB10EC2}
		{1A295662-72CD-43ED-980C-B7328E50375E} = {34A9FE76-5B69-4CBB-A376-2E088AB10EC2}
		{2CBF16E4-D62A-4170-A464-C114337C3CEC} = {34A9FE76-5B69-4CBB-A376-2E088AB10EC2}
		{B3E2E9A0-6BD0-446A-9155-B831F203075F} = {1E74CC02-05EA-43DE-9F7C-032E941BBB60}
		{A4EF69FF-A836-4AD0-9647-34945288311D} = {1E74CC02-05EA-43DE-9F7C-032E941BBB60}
		{EC74216D-F0A2-4539-8CD2-352C83C92204} = {1E74CC02-05EA-43DE-9F7C-032E941BBB60}
	EndGlobalSection
EndGlobal
